{
  "name": "@fathom-sql/sql-smoke",
  "version": "0.0.0",
  "lockfileVersion": 3,
  "requires": true,
  "packages": {
    "": {
      "name": "@fathom-sql/sql-smoke",
      "version": "0.0.0",
      "dependencies": {
        "@fathom-sql/sql": "file:.."
      }
    },
    "..": {
      "name": "@fathom-sql/sql",
      "version": "1.0.0",
      "license": "Apache-2.0",
      "engines": {
        "node": ">=18"
      }
    },
    "node_modules/@fathom-sql/sql": {
      "resolved": "..",
      "link": true
    }
  }
}
