{
  "name": "@fathom/doris-web-demo",
  "version": "0.1.0",
  "lockfileVersion": 3,
  "requires": true,
  "packages": {
    "": {
      "name": "@fathom/doris-web-demo",
      "version": "0.1.0",
      "dependencies": {
        "monaco-editor": "0.56.0"
      }
    },
    "node_modules/@types/trusted-types": {
      "version": "2.0.7",
      "resolved": "https://registry.npmjs.org/@types/trusted-types/-/trusted-types-2.0.7.tgz",
      "integrity": "sha512-ScaPdn1dQczgbl0QFTeTOmVHFULt394XJgOQNoyVhZ6r2vLnMLJfBPd53SB52T/3G36VI1/g2MZaX0cwDuXsfw==",
      "license": "MIT",
      "optional": true
    },
    "node_modules/dompurify": {
      "version": "3.4.8",
      "resolved": "https://registry.npmjs.org/dompurify/-/dompurify-3.4.8.tgz",
      "integrity": "sha512-yb1cEmaOum7wFvOCSQxyfgVlv5D47Rc30iZWoMpbDIWTnJ6grDDQyu2KFJzB2k7u0pMuJcQ1zphH//fFnw2tjQ==",
      "license": "(MPL-2.0 OR Apache-2.0)",
      "optionalDependencies": {
        "@types/trusted-types": "^2.0.7"
      }
    },
    "node_modules/marked": {
      "version": "14.0.0",
      "resolved": "https://registry.npmjs.org/marked/-/marked-14.0.0.tgz",
      "integrity": "sha512-uIj4+faQ+MgHgwUW1l2PsPglZLOLOT1uErt06dAPtx2kjteLAkbsd/0FiYg/MGS+i7ZKLb7w2WClxHkzOOuryQ==",
      "license": "MIT",
      "bin": {
        "marked": "bin/marked.js"
      },
      "engines": {
        "node": ">= 18"
      }
    },
    "node_modules/monaco-editor": {
      "version": "0.56.0",
      "resolved": "https://registry.npmjs.org/monaco-editor/-/monaco-editor-0.56.0.tgz",
      "integrity": "sha512-sXboRm3BeBeLm938eaiyLMe0OxzfXIlZvbv4ir/jVgQy1zDhWjgmny0WoN45fuDKhCCQsYMbBJrv/A6jd8aCUg==",
      "license": "MIT",
      "dependencies": {
        "dompurify": "3.4.8",
        "marked": "14.0.0"
      }
    }
  }
}
